
Microsoft Visual Studio Solution File, Format Version 12.00
# Visual Studio 14
VisualStudioVersion = 14.0.25420.1
MinimumVisualStudioVersion = 10.0.40219.1
Project("{FAE04EC0-301F-11D3-BF4B-00C04F79EFBC}") = "BlogProject.WebAPI", "BlogProject.WebAPI\BlogProject.WebAPI.csproj", "{5647D615-B8CD-47E4-B4C7-C71E2CF25B68}"
EndProject
Project("{FAE04EC0-301F-11D3-BF4B-00C04F79EFBC}") = "BlogProject.Application", "BlogProject.Application\BlogProject.Application.csproj", "{7BF51175-C102-4939-8DBF-BEEF604CB0CC}"
EndProject
Project("{FAE04EC0-301F-11D3-BF4B-00C04F79EFBC}") = "BlogProject.UI", "BlogProject\BlogProject.UI.csproj", "{D9BD7776-6455-43E3-B76C-711110CE22F6}"
EndProject
Project("{FAE04EC0-301F-11D3-BF4B-00C04F79EFBC}") = "BlogProject.Data", "BlogProject.Data\BlogProject.Data.csproj", "{24F8E819-E78E-4F2D-AA16-B944B4FC2489}"
EndProject
Project("{FAE04EC0-301F-11D3-BF4B-00C04F79EFBC}") = "BlogProject.Service", "BlogProject.Service\BlogProject.Service.csproj", "{D5AC2283-4548-46DF-B0BC-88AA8B6E963D}"
EndProject
Global
	GlobalSection(SolutionConfigurationPlatforms) = preSolution
		Debug|Any CPU = Debug|Any CPU
		Release|Any CPU = Release|Any CPU
	EndGlobalSection
	GlobalSection(ProjectConfigurationPlatforms) = postSolution
		{5647D615-B8CD-47E4-B4C7-C71E2CF25B68}.Debug|Any CPU.ActiveCfg = Debug|Any CPU
		{5647D615-B8CD-47E4-B4C7-C71E2CF25B68}.Debug|Any CPU.Build.0 = Debug|Any CPU
		{5647D615-B8CD-47E4-B4C7-C71E2CF25B68}.Release|Any CPU.ActiveCfg = Release|Any CPU
		{5647D615-B8CD-47E4-B4C7-C71E2CF25B68}.Release|Any CPU.Build.0 = Release|Any CPU
		{7BF51175-C102-4939-8DBF-BEEF604CB0CC}.Debug|Any CPU.ActiveCfg = Debug|Any CPU
		{7BF51175-C102-4939-8DBF-BEEF604CB0CC}.Debug|Any CPU.Build.0 = Debug|Any CPU
		{7BF51175-C102-4939-8DBF-BEEF604CB0CC}.Release|Any CPU.ActiveCfg = Release|Any CPU
		{7BF51175-C102-4939-8DBF-BEEF604CB0CC}.Release|Any CPU.Build.0 = Release|Any CPU
		{D9BD7776-6455-43E3-B76C-711110CE22F6}.Debug|Any CPU.ActiveCfg = Debug|Any CPU
		{D9BD7776-6455-43E3-B76C-711110CE22F6}.Debug|Any CPU.Build.0 = Debug|Any CPU
		{D9BD7776-6455-43E3-B76C-711110CE22F6}.Release|Any CPU.ActiveCfg = Release|Any CPU
		{D9BD7776-6455-43E3-B76C-711110CE22F6}.Release|Any CPU.Build.0 = Release|Any CPU
		{24F8E819-E78E-4F2D-AA16-B944B4FC2489}.Debug|Any CPU.ActiveCfg = Debug|Any CPU
		{24F8E819-E78E-4F2D-AA16-B944B4FC2489}.Debug|Any CPU.Build.0 = Debug|Any CPU
		{24F8E819-E78E-4F2D-AA16-B944B4FC2489}.Release|Any CPU.ActiveCfg = Release|Any CPU
		{24F8E819-E78E-4F2D-AA16-B944B4FC2489}.Release|Any CPU.Build.0 = Release|Any CPU
		{D5AC2283-4548-46DF-B0BC-88AA8B6E963D}.Debug|Any CPU.ActiveCfg = Debug|Any CPU
		{D5AC2283-4548-46DF-B0BC-88AA8B6E963D}.Debug|Any CPU.Build.0 = Debug|Any CPU
		{D5AC2283-4548-46DF-B0BC-88AA8B6E963D}.Release|Any CPU.ActiveCfg = Release|Any CPU
		{D5AC2283-4548-46DF-B0BC-88AA8B6E963D}.Release|Any CPU.Build.0 = Release|Any CPU
	EndGlobalSection
	GlobalSection(SolutionProperties) = preSolution
		HideSolutionNode = FALSE
	EndGlobalSection
EndGlobal
